
Microsoft Visual Studio Solution File, Format Version 12.00
# Visual Studio 2012
Project("{FAE04EC0-301F-11D3-BF4B-00C04F79EFBC}") = "Runtime", "Runtime\Runtime.csproj", "{64701309-24A3-4774-9475-8CED51284498}"
	ProjectSection(ProjectDependencies) = postProject
		{9494C716-8665-487A-8BE1-16E0FB3A566F} = {9494C716-8665-487A-8BE1-16E0FB3A566F}
	EndProjectSection
EndProject
Project("{FAE04EC0-301F-11D3-BF4B-00C04F79EFBC}") = "SqlEdge", "SqlEdge\SqlEdge.csproj", "{9494C716-8665-487A-8BE1-16E0FB3A566F}"
EndProject
Global
	GlobalSection(SolutionConfigurationPlatforms) = preSolution
		Debug|Any CPU = Debug|Any CPU
		Release|Any CPU = Release|Any CPU
	EndGlobalSection
	GlobalSection(ProjectConfigurationPlatforms) = postSolution
		{64701309-24A3-4774-9475-8CED51284498}.Debug|Any CPU.ActiveCfg = Debug|Any CPU
		{64701309-24A3-4774-9475-8CED51284498}.Debug|Any CPU.Build.0 = Debug|Any CPU
		{64701309-24A3-4774-9475-8CED51284498}.Release|Any CPU.ActiveCfg = Release|Any CPU
		{64701309-24A3-4774-9475-8CED51284498}.Release|Any CPU.Build.0 = Release|Any CPU
		{9494C716-8665-487A-8BE1-16E0FB3A566F}.Debug|Any CPU.ActiveCfg = Debug|Any CPU
		{9494C716-8665-487A-8BE1-16E0FB3A566F}.Debug|Any CPU.Build.0 = Debug|Any CPU
		{9494C716-8665-487A-8BE1-16E0FB3A566F}.Release|Any CPU.ActiveCfg = Release|Any CPU
		{9494C716-8665-487A-8BE1-16E0FB3A566F}.Release|Any CPU.Build.0 = Release|Any CPU
	EndGlobalSection
	GlobalSection(SolutionProperties) = preSolution
		HideSolutionNode = FALSE
	EndGlobalSection
EndGlobal
